
Microsoft Visual Studio Solution File, Format Version 12.00
# Visual Studio 2015
Project("{FAE04EC0-301F-11D3-BF4B-00C04F79EFBC}") = "First Person Spearing", "First Person Spearing.csproj", "{A25B4EA4-A842-3807-3DC4-CE8AC374AD28}"
EndProject
Project("{FAE04EC0-301F-11D3-BF4B-00C04F79EFBC}") = "First Person Spearing.Editor", "First Person Spearing.Editor.csproj", "{6F84B13B-B2DB-7372-4AC5-7FCA4E9EEBA0}"
EndProject
Global
	GlobalSection(SolutionConfigurationPlatforms) = preSolution
		Debug|Any CPU = Debug|Any CPU
		Release|Any CPU = Release|Any CPU
	EndGlobalSection
	GlobalSection(ProjectConfigurationPlatforms) = postSolution
		{A25B4EA4-A842-3807-3DC4-CE8AC374AD28}.Debug|Any CPU.ActiveCfg = Debug|Any CPU
		{A25B4EA4-A842-3807-3DC4-CE8AC374AD28}.Debug|Any CPU.Build.0 = Debug|Any CPU
		{A25B4EA4-A842-3807-3DC4-CE8AC374AD28}.Release|Any CPU.ActiveCfg = Release|Any CPU
		{A25B4EA4-A842-3807-3DC4-CE8AC374AD28}.Release|Any CPU.Build.0 = Release|Any CPU
		{6F84B13B-B2DB-7372-4AC5-7FCA4E9EEBA0}.Debug|Any CPU.ActiveCfg = Debug|Any CPU
		{6F84B13B-B2DB-7372-4AC5-7FCA4E9EEBA0}.Debug|Any CPU.Build.0 = Debug|Any CPU
		{6F84B13B-B2DB-7372-4AC5-7FCA4E9EEBA0}.Release|Any CPU.ActiveCfg = Release|Any CPU
		{6F84B13B-B2DB-7372-4AC5-7FCA4E9EEBA0}.Release|Any CPU.Build.0 = Release|Any CPU
	EndGlobalSection
	GlobalSection(SolutionProperties) = preSolution
		HideSolutionNode = FALSE
	EndGlobalSection
EndGlobal
